
Microsoft Visual Studio Solution File, Format Version 12.00
# Visual Studio Version 17
VisualStudioVersion = 17.14.36429.23
MinimumVisualStudioVersion = 10.0.40219.1
Project("{FAE04EC0-301F-11D3-BF4B-00C04F79EFBC}") = "API - NFC", "API - NFC\API - NFC.csproj", "{DE95BB35-CBDE-450F-950F-0154DB1499B9}"
EndProject
Project("{FAE04EC0-301F-11D3-BF4B-00C04F79EFBC}") = "AGENTE - NFC", "..\AGENTE - NFC\AGENTE - NFC\AGENTE - NFC.csproj", "{1C86B30E-5910-EEC8-BC3F-6DBEB81648F1}"
EndProject
Global
	GlobalSection(SolutionConfigurationPlatforms) = preSolution
		Debug|Any CPU = Debug|Any CPU
		Release|Any CPU = Release|Any CPU
	EndGlobalSection
	GlobalSection(ProjectConfigurationPlatforms) = postSolution
		{DE95BB35-CBDE-450F-950F-0154DB1499B9}.Debug|Any CPU.ActiveCfg = Debug|Any CPU
		{DE95BB35-CBDE-450F-950F-0154DB1499B9}.Debug|Any CPU.Build.0 = Debug|Any CPU
		{DE95BB35-CBDE-450F-950F-0154DB1499B9}.Release|Any CPU.ActiveCfg = Release|Any CPU
		{DE95BB35-CBDE-450F-950F-0154DB1499B9}.Release|Any CPU.Build.0 = Release|Any CPU
		{1C86B30E-5910-EEC8-BC3F-6DBEB81648F1}.Debug|Any CPU.ActiveCfg = Debug|Any CPU
		{1C86B30E-5910-EEC8-BC3F-6DBEB81648F1}.Debug|Any CPU.Build.0 = Debug|Any CPU
		{1C86B30E-5910-EEC8-BC3F-6DBEB81648F1}.Release|Any CPU.ActiveCfg = Release|Any CPU
		{1C86B30E-5910-EEC8-BC3F-6DBEB81648F1}.Release|Any CPU.Build.0 = Release|Any CPU
	EndGlobalSection
	GlobalSection(SolutionProperties) = preSolution
		HideSolutionNode = FALSE
	EndGlobalSection
	GlobalSection(ExtensibilityGlobals) = postSolution
		SolutionGuid = {3E59C9B3-A8B7-4F9C-A91A-F64F5DAF31AB}
	EndGlobalSection
EndGlobal
